
Microsoft Visual Studio Solution File, Format Version 12.00
# Visual Studio 15
VisualStudioVersion = 15.0.28307.1259
MinimumVisualStudioVersion = 10.0.40219.1
Project("{FAE04EC0-301F-11D3-BF4B-00C04F79EFBC}") = "WcfService3", "WcfService3\WcfService3.csproj", "{DE96CC62-054F-4966-B2E0-494A268DD360}"
EndProject
Project("{FAE04EC0-301F-11D3-BF4B-00C04F79EFBC}") = "ClienteWcf", "ClienteWcf\ClienteWcf.csproj", "{62BA8A25-47BC-4E5B-B8DD-9BF04A23A360}"
	ProjectSection(ProjectDependencies) = postProject
		{DE96CC62-054F-4966-B2E0-494A268DD360} = {DE96CC62-054F-4966-B2E0-494A268DD360}
	EndProjectSection
EndProject
Global
	GlobalSection(SolutionConfigurationPlatforms) = preSolution
		Debug|Any CPU = Debug|Any CPU
		Release|Any CPU = Release|Any CPU
	EndGlobalSection
	GlobalSection(ProjectConfigurationPlatforms) = postSolution
		{DE96CC62-054F-4966-B2E0-494A268DD360}.Debug|Any CPU.ActiveCfg = Debug|Any CPU
		{DE96CC62-054F-4966-B2E0-494A268DD360}.Debug|Any CPU.Build.0 = Debug|Any CPU
		{DE96CC62-054F-4966-B2E0-494A268DD360}.Release|Any CPU.ActiveCfg = Release|Any CPU
		{DE96CC62-054F-4966-B2E0-494A268DD360}.Release|Any CPU.Build.0 = Release|Any CPU
		{62BA8A25-47BC-4E5B-B8DD-9BF04A23A360}.Debug|Any CPU.ActiveCfg = Debug|Any CPU
		{62BA8A25-47BC-4E5B-B8DD-9BF04A23A360}.Debug|Any CPU.Build.0 = Debug|Any CPU
		{62BA8A25-47BC-4E5B-B8DD-9BF04A23A360}.Release|Any CPU.ActiveCfg = Release|Any CPU
		{62BA8A25-47BC-4E5B-B8DD-9BF04A23A360}.Release|Any CPU.Build.0 = Release|Any CPU
	EndGlobalSection
	GlobalSection(SolutionProperties) = preSolution
		HideSolutionNode = FALSE
	EndGlobalSection
	GlobalSection(ExtensibilityGlobals) = postSolution
		SolutionGuid = {1214FB66-275B-4C89-BE06-424D1D342B1A}
	EndGlobalSection
EndGlobal
